
Microsoft Visual Studio Solution File, Format Version 12.00
# Visual Studio Version 17
VisualStudioVersion = 17.13.35919.96 d17.13
MinimumVisualStudioVersion = 10.0.40219.1
Project("{FAE04EC0-301F-11D3-BF4B-00C04F79EFBC}") = "NoteManeger", "NoteManeger\NoteManeger.csproj", "{27840B18-06DB-4B92-B3EC-4A96F88B3B6B}"
EndProject
Global
	GlobalSection(SolutionConfigurationPlatforms) = preSolution
		Debug|Any CPU = Debug|Any CPU
		Release|Any CPU = Release|Any CPU
	EndGlobalSection
	GlobalSection(ProjectConfigurationPlatforms) = postSolution
		{27840B18-06DB-4B92-B3EC-4A96F88B3B6B}.Debug|Any CPU.ActiveCfg = Debug|Any CPU
		{27840B18-06DB-4B92-B3EC-4A96F88B3B6B}.Debug|Any CPU.Build.0 = Debug|Any CPU
		{27840B18-06DB-4B92-B3EC-4A96F88B3B6B}.Release|Any CPU.ActiveCfg = Release|Any CPU
		{27840B18-06DB-4B92-B3EC-4A96F88B3B6B}.Release|Any CPU.Build.0 = Release|Any CPU
	EndGlobalSection
	GlobalSection(SolutionProperties) = preSolution
		HideSolutionNode = FALSE
	EndGlobalSection
	GlobalSection(ExtensibilityGlobals) = postSolution
		SolutionGuid = {CB61D3EA-553D-452B-AB01-B350E7FB548D}
	EndGlobalSection
EndGlobal
